// !$*UTF8*$!
{
	archiveVersion = 1;
	classes = {
	};
	objectVersion = 50;
	objects = {

/* Begin PBXBuildFile section */
		017AA7CCF4D62B84ADE0A109 /* Pods_HR_Easy.framework in Frameworks */ = {isa = PBXBuildFile; fileRef = BE8609CC5926886711A56202 /* Pods_HR_Easy.framework */; };
		2666886AE1CBC9649DD311C9 /* Pods_HR_EasyUITests.framework in Frameworks */ = {isa = PBXBuildFile; fileRef = 5FB02BED970A1FF0F93E78E3 /* Pods_HR_EasyUITests.framework */; };
		ED150C6F2148298C00B7E380 /* AppDelegate.swift in Sources */ = {isa = PBXBuildFile; fileRef = ED150C6E2148298C00B7E380 /* AppDelegate.swift */; };
		ED150C712148298C00B7E380 /* ViewController.swift in Sources */ = {isa = PBXBuildFile; fileRef = ED150C702148298C00B7E380 /* ViewController.swift */; };
		ED150C742148298C00B7E380 /* Main.storyboard in Resources */ = {isa = PBXBuildFile; fileRef = ED150C722148298C00B7E380 /* Main.storyboard */; };
		ED150C772148298C00B7E380 /* HR_Easy.xcdatamodeld in Sources */ = {isa = PBXBuildFile; fileRef = ED150C752148298C00B7E380 /* HR_Easy.xcdatamodeld */; };
		ED150C792148298F00B7E380 /* Assets.xcassets in Resources */ = {isa = PBXBuildFile; fileRef = ED150C782148298F00B7E380 /* Assets.xcassets */; };
		ED150C7C2148298F00B7E380 /* LaunchScreen.storyboard in Resources */ = {isa = PBXBuildFile; fileRef = ED150C7A2148298F00B7E380 /* LaunchScreen.storyboard */; };
		ED150C872148299000B7E380 /* HR_EasyTests.swift in Sources */ = {isa = PBXBuildFile; fileRef = ED150C862148299000B7E380 /* HR_EasyTests.swift */; };
		ED150C922148299000B7E380 /* HR_EasyUITests.swift in Sources */ = {isa = PBXBuildFile; fileRef = ED150C912148299000B7E380 /* HR_EasyUITests.swift */; };
		ED46686F21B4EEE9002AC117 /* BHBenefits.swift in Sources */ = {isa = PBXBuildFile; fileRef = ED46686E21B4EEE9002AC117 /* BHBenefits.swift */; };
		ED46687121B4F02A002AC117 /* FetchData.swift in Sources */ = {isa = PBXBuildFile; fileRef = ED46687021B4F02A002AC117 /* FetchData.swift */; };
		ED6ACA03219284A4002773DD /* LineChart.swift in Sources */ = {isa = PBXBuildFile; fileRef = ED6ACA02219284A4002773DD /* LineChart.swift */; };
		ED6ACA0521928588002773DD /* ReportViewController.swift in Sources */ = {isa = PBXBuildFile; fileRef = ED6ACA0421928588002773DD /* ReportViewController.swift */; };
		ED6C36A421AE4AFD009E2B32 /* BenefitsTableViewCell.swift in Sources */ = {isa = PBXBuildFile; fileRef = ED6C36A321AE4AFD009E2B32 /* BenefitsTableViewCell.swift */; };
		ED6D9CE22148C51200F8405B /* User.swift in Sources */ = {isa = PBXBuildFile; fileRef = ED6D9CE12148C51200F8405B /* User.swift */; };
		ED8C436D2149AC270011345D /* DashboardControllerViewController.swift in Sources */ = {isa = PBXBuildFile; fileRef = ED8C436C2149AC270011345D /* DashboardControllerViewController.swift */; };
		ED8C43702149AFC50011345D /* Helpers.swift in Sources */ = {isa = PBXBuildFile; fileRef = ED8C436F2149AFC50011345D /* Helpers.swift */; };
		EDCB3CB52165702F009BC056 /* AddUserController.swift in Sources */ = {isa = PBXBuildFile; fileRef = EDCB3CB42165702F009BC056 /* AddUserController.swift */; };
		EDCC17BC216BE5150058E9B3 /* GoogleService-Info.plist in Resources */ = {isa = PBXBuildFile; fileRef = EDCC17BB216BE5140058E9B3 /* GoogleService-Info.plist */; };
		EDCC17BF216C0D750058E9B3 /* AddUserTableViewController.swift in Sources */ = {isa = PBXBuildFile; fileRef = EDCC17BE216C0D750058E9B3 /* AddUserTableViewController.swift */; };
		EDCC17C1216D75DB0058E9B3 /* DetailData.swift in Sources */ = {isa = PBXBuildFile; fileRef = EDCC17C0216D75DB0058E9B3 /* DetailData.swift */; };
		EDCC17F4216F00500058E9B3 /* UserModel.swift in Sources */ = {isa = PBXBuildFile; fileRef = EDCC17F3216F00500058E9B3 /* UserModel.swift */; };
		EDCC17F6216F03D20058E9B3 /* nef.jpg in Resources */ = {isa = PBXBuildFile; fileRef = EDCC17F5216F03D20058E9B3 /* nef.jpg */; };
		EDCC17F8216F08020058E9B3 /* ServedData.swift in Sources */ = {isa = PBXBuildFile; fileRef = EDCC17F7216F08020058E9B3 /* ServedData.swift */; };
		EDCC727E2159F03400513D8F /* user.jpg in Resources */ = {isa = PBXBuildFile; fileRef = EDCC727D2159F03400513D8F /* user.jpg */; };
		EDCC7280215ABBFB00513D8F /* ReusableComponents.swift in Sources */ = {isa = PBXBuildFile; fileRef = EDCC727F215ABBFB00513D8F /* ReusableComponents.swift */; };
		EDCC7282215AF38000513D8F /* EmployeeTableViewCell.swift in Sources */ = {isa = PBXBuildFile; fileRef = EDCC7281215AF38000513D8F /* EmployeeTableViewCell.swift */; };
		EDCC72A4215AF62F00513D8F /* EmployeeTableViewController.swift in Sources */ = {isa = PBXBuildFile; fileRef = EDCC72A3215AF62F00513D8F /* EmployeeTableViewController.swift */; };
		EDCC72A6215AF68900513D8F /* Person.swift in Sources */ = {isa = PBXBuildFile; fileRef = EDCC72A5215AF68900513D8F /* Person.swift */; };
		EDCC72A8215AF7D600513D8F /* Employee.swift in Sources */ = {isa = PBXBuildFile; fileRef = EDCC72A7215AF7D600513D8F /* Employee.swift */; };
		EDCC72AA215D5DC900513D8F /* ProfileImageView.swift in Sources */ = {isa = PBXBuildFile; fileRef = EDCC72A9215D5DC900513D8F /* ProfileImageView.swift */; };
		EDCC72AC215D5E8000513D8F /* SampleUserbase.swift in Sources */ = {isa = PBXBuildFile; fileRef = EDCC72AB215D5E8000513D8F /* SampleUserbase.swift */; };
		EDCC72AF215D639F00513D8F /* rnt.jpg in Resources */ = {isa = PBXBuildFile; fileRef = EDCC72AD215D639F00513D8F /* rnt.jpg */; };
		EDCC72B0215D639F00513D8F /* alx.jpg in Resources */ = {isa = PBXBuildFile; fileRef = EDCC72AE215D639F00513D8F /* alx.jpg */; };
		EDCC72B2215D66CF00513D8F /* amd.jpg in Resources */ = {isa = PBXBuildFile; fileRef = EDCC72B1215D66CF00513D8F /* amd.jpg */; };
		EDCC72B4215D7BE500513D8F /* EmployeeDetailViewController.swift in Sources */ = {isa = PBXBuildFile; fileRef = EDCC72B3215D7BE500513D8F /* EmployeeDetailViewController.swift */; };
		EDCC72B62164018600513D8F /* enterprise.jpg in Resources */ = {isa = PBXBuildFile; fileRef = EDCC72B52164018600513D8F /* enterprise.jpg */; };
		EDCC72B82164191F00513D8F /* UIColorExtensions.swift in Sources */ = {isa = PBXBuildFile; fileRef = EDCC72B72164191F00513D8F /* UIColorExtensions.swift */; };
		EDE29A88215986CD00BBA61E /* TopNavigationController.swift in Sources */ = {isa = PBXBuildFile; fileRef = EDE29A87215986CD00BBA61E /* TopNavigationController.swift */; };
		EDFBC6E521B9F2E00043F397 /* placeholder.jpg in Resources */ = {isa = PBXBuildFile; fileRef = EDFBC6E421B9F2E00043F397 /* placeholder.jpg */; };
		EDFBC6E921B9F40E0043F397 /* profilePlace.png in Resources */ = {isa = PBXBuildFile; fileRef = EDFBC6E821B9F40E0043F397 /* profilePlace.png */; };
		EDFBC6F121C06AE80043F397 /* SweetAlert.swift in Sources */ = {isa = PBXBuildFile; fileRef = EDFBC6F021C06AE80043F397 /* SweetAlert.swift */; };
		EDFBC6F321C0784F0043F397 /* self.jpg in Resources */ = {isa = PBXBuildFile; fileRef = EDFBC6F221C0784E0043F397 /* self.jpg */; };
		EDFBC6F521C0D23C0043F397 /* README.md in Resources */ = {isa = PBXBuildFile; fileRef = EDFBC6F421C0D23C0043F397 /* README.md */; };
		F717068595ECB4E8D7E71C34 /* Pods_HR_EasyTests.framework in Frameworks */ = {isa = PBXBuildFile; fileRef = 6D2C953FC72A783805503172 /* Pods_HR_EasyTests.framework */; };
/* End PBXBuildFile section */

/* Begin PBXContainerItemProxy section */
		ED150C832148299000B7E380 /* PBXContainerItemProxy */ = {
			isa = PBXContainerItemProxy;
			containerPortal = ED150C632148298C00B7E380 /* Project object */;
			proxyType = 1;
			remoteGlobalIDString = ED150C6A2148298C00B7E380;
			remoteInfo = "HR-Easy";
		};
		ED150C8E2148299000B7E380 /* PBXContainerItemProxy */ = {
			isa = PBXContainerItemProxy;
			containerPortal = ED150C632148298C00B7E380 /* Project object */;
			proxyType = 1;
			remoteGlobalIDString = ED150C6A2148298C00B7E380;
			remoteInfo = "HR-Easy";
		};
/* End PBXContainerItemProxy section */

/* Begin PBXFileReference section */
		25B261938B5506087B3DACEB /* Pods-HR-EasyTests.debug.xcconfig */ = {isa = PBXFileReference; includeInIndex = 1; lastKnownFileType = text.xcconfig; name = "Pods-HR-EasyTests.debug.xcconfig"; path = "Pods/Target Support Files/Pods-HR-EasyTests/Pods-HR-EasyTests.debug.xcconfig"; sourceTree = "<group>"; };
		28F21FECCFC453D5079CE1EC /* Pods-HR-EasyTests.release.xcconfig */ = {isa = PBXFileReference; includeInIndex = 1; lastKnownFileType = text.xcconfig; name = "Pods-HR-EasyTests.release.xcconfig"; path = "Pods/Target Support Files/Pods-HR-EasyTests/Pods-HR-EasyTests.release.xcconfig"; sourceTree = "<group>"; };
		4B640220BB3E80C6B5E9270B /* Pods-HR-EasyUITests.release.xcconfig */ = {isa = PBXFileReference; includeInIndex = 1; lastKnownFileType = text.xcconfig; name = "Pods-HR-EasyUITests.release.xcconfig"; path = "Pods/Target Support Files/Pods-HR-EasyUITests/Pods-HR-EasyUITests.release.xcconfig"; sourceTree = "<group>"; };
		4EC1FB3C0A3ABA6055F6BF50 /* Pods-HR-EasyUITests.debug.xcconfig */ = {isa = PBXFileReference; includeInIndex = 1; lastKnownFileType = text.xcconfig; name = "Pods-HR-EasyUITests.debug.xcconfig"; path = "Pods/Target Support Files/Pods-HR-EasyUITests/Pods-HR-EasyUITests.debug.xcconfig"; sourceTree = "<group>"; };
		5FB02BED970A1FF0F93E78E3 /* Pods_HR_EasyUITests.framework */ = {isa = PBXFileReference; explicitFileType = wrapper.framework; includeInIndex = 0; path = Pods_HR_EasyUITests.framework; sourceTree = BUILT_PRODUCTS_DIR; };
		6D2C953FC72A783805503172 /* Pods_HR_EasyTests.framework */ = {isa = PBXFileReference; explicitFileType = wrapper.framework; includeInIndex = 0; path = Pods_HR_EasyTests.framework; sourceTree = BUILT_PRODUCTS_DIR; };
		BE8609CC5926886711A56202 /* Pods_HR_Easy.framework */ = {isa = PBXFileReference; explicitFileType = wrapper.framework; includeInIndex = 0; path = Pods_HR_Easy.framework; sourceTree = BUILT_PRODUCTS_DIR; };
		D6DD036271AD20DCCC547C4B /* Pods-HR-Easy.debug.xcconfig */ = {isa = PBXFileReference; includeInIndex = 1; lastKnownFileType = text.xcconfig; name = "Pods-HR-Easy.debug.xcconfig"; path = "Pods/Target Support Files/Pods-HR-Easy/Pods-HR-Easy.debug.xcconfig"; sourceTree = "<group>"; };
		ED150C6B2148298C00B7E380 /* HR-Easy.app */ = {isa = PBXFileReference; explicitFileType = wrapper.application; includeInIndex = 0; path = "HR-Easy.app"; sourceTree = BUILT_PRODUCTS_DIR; };
		ED150C6E2148298C00B7E380 /* AppDelegate.swift */ = {isa = PBXFileReference; lastKnownFileType = sourcecode.swift; path = AppDelegate.swift; sourceTree = "<group>"; };
		ED150C702148298C00B7E380 /* ViewController.swift */ = {isa = PBXFileReference; lastKnownFileType = sourcecode.swift; path = ViewController.swift; sourceTree = "<group>"; };
		ED150C732148298C00B7E380 /* Base */ = {isa = PBXFileReference; lastKnownFileType = file.storyboard; name = Base; path = Base.lproj/Main.storyboard; sourceTree = "<group>"; };
		ED150C762148298C00B7E380 /* HR_Easy.xcdatamodel */ = {isa = PBXFileReference; lastKnownFileType = wrapper.xcdatamodel; path = HR_Easy.xcdatamodel; sourceTree = "<group>"; };
		ED150C782148298F00B7E380 /* Assets.xcassets */ = {isa = PBXFileReference; lastKnownFileType = folder.assetcatalog; path = Assets.xcassets; sourceTree = "<group>"; };
		ED150C7B2148298F00B7E380 /* Base */ = {isa = PBXFileReference; lastKnownFileType = file.storyboard; name = Base; path = Base.lproj/LaunchScreen.storyboard; sourceTree = "<group>"; };
		ED150C7D2148298F00B7E380 /* Info.plist */ = {isa = PBXFileReference; lastKnownFileType = text.plist.xml; path = Info.plist; sourceTree = "<group>"; };
		ED150C822148299000B7E380 /* HR-EasyTests.xctest */ = {isa = PBXFileReference; explicitFileType = wrapper.cfbundle; includeInIndex = 0; path = "HR-EasyTests.xctest"; sourceTree = BUILT_PRODUCTS_DIR; };
		ED150C862148299000B7E380 /* HR_EasyTests.swift */ = {isa = PBXFileReference; lastKnownFileType = sourcecode.swift; path = HR_EasyTests.swift; sourceTree = "<group>"; };
		ED150C882148299000B7E380 /* Info.plist */ = {isa = PBXFileReference; lastKnownFileType = text.plist.xml; path = Info.plist; sourceTree = "<group>"; };
		ED150C8D2148299000B7E380 /* HR-EasyUITests.xctest */ = {isa = PBXFileReference; explicitFileType = wrapper.cfbundle; includeInIndex = 0; path = "HR-EasyUITests.xctest"; sourceTree = BUILT_PRODUCTS_DIR; };
		ED150C912148299000B7E380 /* HR_EasyUITests.swift */ = {isa = PBXFileReference; lastKnownFileType = sourcecode.swift; path = HR_EasyUITests.swift; sourceTree = "<group>"; };
		ED150C932148299000B7E380 /* Info.plist */ = {isa = PBXFileReference; lastKnownFileType = text.plist.xml; path = Info.plist; sourceTree = "<group>"; };
		ED46686E21B4EEE9002AC117 /* BHBenefits.swift */ = {isa = PBXFileReference; lastKnownFileType = sourcecode.swift; path = BHBenefits.swift; sourceTree = "<group>"; };
		ED46687021B4F02A002AC117 /* FetchData.swift */ = {isa = PBXFileReference; lastKnownFileType = sourcecode.swift; path = FetchData.swift; sourceTree = "<group>"; };
		ED6ACA02219284A4002773DD /* LineChart.swift */ = {isa = PBXFileReference; fileEncoding = 4; lastKnownFileType = sourcecode.swift; path = LineChart.swift; sourceTree = "<group>"; };
		ED6ACA0421928588002773DD /* ReportViewController.swift */ = {isa = PBXFileReference; lastKnownFileType = sourcecode.swift; path = ReportViewController.swift; sourceTree = "<group>"; };
		ED6C36A321AE4AFD009E2B32 /* BenefitsTableViewCell.swift */ = {isa = PBXFileReference; lastKnownFileType = sourcecode.swift; path = BenefitsTableViewCell.swift; sourceTree = "<group>"; };
		ED6D9CE12148C51200F8405B /* User.swift */ = {isa = PBXFileReference; lastKnownFileType = sourcecode.swift; path = User.swift; sourceTree = "<group>"; };
		ED8C436C2149AC270011345D /* DashboardControllerViewController.swift */ = {isa = PBXFileReference; lastKnownFileType = sourcecode.swift; path = DashboardControllerViewController.swift; sourceTree = "<group>"; };
		ED8C436F2149AFC50011345D /* Helpers.swift */ = {isa = PBXFileReference; lastKnownFileType = sourcecode.swift; path = Helpers.swift; sourceTree = "<group>"; };
		EDCB3CB42165702F009BC056 /* AddUserController.swift */ = {isa = PBXFileReference; lastKnownFileType = sourcecode.swift; path = AddUserController.swift; sourceTree = "<group>"; };
		EDCC17BB216BE5140058E9B3 /* GoogleService-Info.plist */ = {isa = PBXFileReference; fileEncoding = 4; lastKnownFileType = text.plist.xml; path = "GoogleService-Info.plist"; sourceTree = "<group>"; };
		EDCC17BD216BED1C0058E9B3 /* HR-Easy.entitlements */ = {isa = PBXFileReference; lastKnownFileType = text.plist.entitlements; path = "HR-Easy.entitlements"; sourceTree = "<group>"; };
		EDCC17BE216C0D750058E9B3 /* AddUserTableViewController.swift */ = {isa = PBXFileReference; lastKnownFileType = sourcecode.swift; path = AddUserTableViewController.swift; sourceTree = "<group>"; };
		EDCC17C0216D75DB0058E9B3 /* DetailData.swift */ = {isa = PBXFileReference; lastKnownFileType = sourcecode.swift; path = DetailData.swift; sourceTree = "<group>"; };
		EDCC17F3216F00500058E9B3 /* UserModel.swift */ = {isa = PBXFileReference; lastKnownFileType = sourcecode.swift; path = UserModel.swift; sourceTree = "<group>"; };
		EDCC17F5216F03D20058E9B3 /* nef.jpg */ = {isa = PBXFileReference; lastKnownFileType = image.jpeg; path = nef.jpg; sourceTree = "<group>"; };
		EDCC17F7216F08020058E9B3 /* ServedData.swift */ = {isa = PBXFileReference; lastKnownFileType = sourcecode.swift; path = ServedData.swift; sourceTree = "<group>"; };
		EDCC727D2159F03400513D8F /* user.jpg */ = {isa = PBXFileReference; lastKnownFileType = image.jpeg; path = user.jpg; sourceTree = "<group>"; };
		EDCC727F215ABBFB00513D8F /* ReusableComponents.swift */ = {isa = PBXFileReference; lastKnownFileType = sourcecode.swift; path = ReusableComponents.swift; sourceTree = "<group>"; };
		EDCC7281215AF38000513D8F /* EmployeeTableViewCell.swift */ = {isa = PBXFileReference; lastKnownFileType = sourcecode.swift; path = EmployeeTableViewCell.swift; sourceTree = "<group>"; };
		EDCC72A3215AF62F00513D8F /* EmployeeTableViewController.swift */ = {isa = PBXFileReference; lastKnownFileType = sourcecode.swift; path = EmployeeTableViewController.swift; sourceTree = "<group>"; };
		EDCC72A5215AF68900513D8F /* Person.swift */ = {isa = PBXFileReference; lastKnownFileType = sourcecode.swift; path = Person.swift; sourceTree = "<group>"; };
		EDCC72A7215AF7D600513D8F /* Employee.swift */ = {isa = PBXFileReference; lastKnownFileType = sourcecode.swift; path = Employee.swift; sourceTree = "<group>"; };
		EDCC72A9215D5DC900513D8F /* ProfileImageView.swift */ = {isa = PBXFileReference; lastKnownFileType = sourcecode.swift; path = ProfileImageView.swift; sourceTree = "<group>"; };
		EDCC72AB215D5E8000513D8F /* SampleUserbase.swift */ = {isa = PBXFileReference; lastKnownFileType = sourcecode.swift; path = SampleUserbase.swift; sourceTree = "<group>"; };
		EDCC72AD215D639F00513D8F /* rnt.jpg */ = {isa = PBXFileReference; lastKnownFileType = image.jpeg; path = rnt.jpg; sourceTree = "<group>"; };
		EDCC72AE215D639F00513D8F /* alx.jpg */ = {isa = PBXFileReference; lastKnownFileType = image.jpeg; path = alx.jpg; sourceTree = "<group>"; };
		EDCC72B1215D66CF00513D8F /* amd.jpg */ = {isa = PBXFileReference; lastKnownFileType = image.jpeg; path = amd.jpg; sourceTree = "<group>"; };
		EDCC72B3215D7BE500513D8F /* EmployeeDetailViewController.swift */ = {isa = PBXFileReference; lastKnownFileType = sourcecode.swift; path = EmployeeDetailViewController.swift; sourceTree = "<group>"; };
		EDCC72B52164018600513D8F /* enterprise.jpg */ = {isa = PBXFileReference; lastKnownFileType = image.jpeg; path = enterprise.jpg; sourceTree = "<group>"; };
		EDCC72B72164191F00513D8F /* UIColorExtensions.swift */ = {isa = PBXFileReference; fileEncoding = 4; lastKnownFileType = sourcecode.swift; path = UIColorExtensions.swift; sourceTree = "<group>"; };
		EDE29A87215986CD00BBA61E /* TopNavigationController.swift */ = {isa = PBXFileReference; lastKnownFileType = sourcecode.swift; path = TopNavigationController.swift; sourceTree = "<group>"; };
		EDFBC6E421B9F2E00043F397 /* placeholder.jpg */ = {isa = PBXFileReference; lastKnownFileType = image.jpeg; path = placeholder.jpg; sourceTree = "<group>"; };
		EDFBC6E821B9F40E0043F397 /* profilePlace.png */ = {isa = PBXFileReference; lastKnownFileType = image.png; path = profilePlace.png; sourceTree = "<group>"; };
		EDFBC6F021C06AE80043F397 /* SweetAlert.swift */ = {isa = PBXFileReference; fileEncoding = 4; lastKnownFileType = sourcecode.swift; path = SweetAlert.swift; sourceTree = "<group>"; };
		EDFBC6F221C0784E0043F397 /* self.jpg */ = {isa = PBXFileReference; lastKnownFileType = image.jpeg; path = self.jpg; sourceTree = "<group>"; };
		EDFBC6F421C0D23C0043F397 /* README.md */ = {isa = PBXFileReference; fileEncoding = 4; lastKnownFileType = net.daringfireball.markdown; path = README.md; sourceTree = "<group>"; };
		F16ED4F9035FB302572AC8BF /* Pods-HR-Easy.release.xcconfig */ = {isa = PBXFileReference; includeInIndex = 1; lastKnownFileType = text.xcconfig; name = "Pods-HR-Easy.release.xcconfig"; path = "Pods/Target Support Files/Pods-HR-Easy/Pods-HR-Easy.release.xcconfig"; sourceTree = "<group>"; };
/* End PBXFileReference section */

/* Begin PBXFrameworksBuildPhase section */
		ED150C682148298C00B7E380 /* Frameworks */ = {
			isa = PBXFrameworksBuildPhase;
			buildActionMask = 2147483647;
			files = (
				017AA7CCF4D62B84ADE0A109 /* Pods_HR_Easy.framework in Frameworks */,
			);
			runOnlyForDeploymentPostprocessing = 0;
		};
		ED150C7F2148299000B7E380 /* Frameworks */ = {
			isa = PBXFrameworksBuildPhase;
			buildActionMask = 2147483647;
			files = (
				F717068595ECB4E8D7E71C34 /* Pods_HR_EasyTests.framework in Frameworks */,
			);
			runOnlyForDeploymentPostprocessing = 0;
		};
		ED150C8A2148299000B7E380 /* Frameworks */ = {
			isa = PBXFrameworksBuildPhase;
			buildActionMask = 2147483647;
			files = (
				2666886AE1CBC9649DD311C9 /* Pods_HR_EasyUITests.framework in Frameworks */,
			);
			runOnlyForDeploymentPostprocessing = 0;
		};
/* End PBXFrameworksBuildPhase section */

/* Begin PBXGroup section */
		9AFB732075C52A30E66A7A4B /* Pods */ = {
			isa = PBXGroup;
			children = (
				D6DD036271AD20DCCC547C4B /* Pods-HR-Easy.debug.xcconfig */,
				F16ED4F9035FB302572AC8BF /* Pods-HR-Easy.release.xcconfig */,
				25B261938B5506087B3DACEB /* Pods-HR-EasyTests.debug.xcconfig */,
				28F21FECCFC453D5079CE1EC /* Pods-HR-EasyTests.release.xcconfig */,
				4EC1FB3C0A3ABA6055F6BF50 /* Pods-HR-EasyUITests.debug.xcconfig */,
				4B640220BB3E80C6B5E9270B /* Pods-HR-EasyUITests.release.xcconfig */,
			);
			name = Pods;
			sourceTree = "<group>";
		};
		C28FBB9988A23DEE16C14DDE /* Frameworks */ = {
			isa = PBXGroup;
			children = (
				BE8609CC5926886711A56202 /* Pods_HR_Easy.framework */,
				6D2C953FC72A783805503172 /* Pods_HR_EasyTests.framework */,
				5FB02BED970A1FF0F93E78E3 /* Pods_HR_EasyUITests.framework */,
			);
			name = Frameworks;
			sourceTree = "<group>";
		};
		ED150C622148298C00B7E380 = {
			isa = PBXGroup;
			children = (
				EDFBC6F421C0D23C0043F397 /* README.md */,
				ED150C6D2148298C00B7E380 /* HR-Easy */,
				ED150C852148299000B7E380 /* HR-EasyTests */,
				ED150C902148299000B7E380 /* HR-EasyUITests */,
				ED150C6C2148298C00B7E380 /* Products */,
				9AFB732075C52A30E66A7A4B /* Pods */,
				C28FBB9988A23DEE16C14DDE /* Frameworks */,
			);
			sourceTree = "<group>";
		};
		ED150C6C2148298C00B7E380 /* Products */ = {
			isa = PBXGroup;
			children = (
				ED150C6B2148298C00B7E380 /* HR-Easy.app */,
				ED150C822148299000B7E380 /* HR-EasyTests.xctest */,
				ED150C8D2148299000B7E380 /* HR-EasyUITests.xctest */,
			);
			name = Products;
			sourceTree = "<group>";
		};
		ED150C6D2148298C00B7E380 /* HR-Easy */ = {
			isa = PBXGroup;
			children = (
				EDCC17BD216BED1C0058E9B3 /* HR-Easy.entitlements */,
				ED150C6E2148298C00B7E380 /* AppDelegate.swift */,
				ED150C702148298C00B7E380 /* ViewController.swift */,
				EDE29A86215986B400BBA61E /* Views */,
				ED8C436E2149AFAD0011345D /* Helpers */,
				ED8C436B2149AC080011345D /* Controllers */,
				ED150C9F2148C4CA00B7E380 /* Model */,
				ED150C722148298C00B7E380 /* Main.storyboard */,
				ED150C782148298F00B7E380 /* Assets.xcassets */,
				ED150C7A2148298F00B7E380 /* LaunchScreen.storyboard */,
				ED150C7D2148298F00B7E380 /* Info.plist */,
				EDCC72B52164018600513D8F /* enterprise.jpg */,
				EDCC727C2159F02700513D8F /* User */,
				ED150C752148298C00B7E380 /* HR_Easy.xcdatamodeld */,
			);
			path = "HR-Easy";
			sourceTree = "<group>";
		};
		ED150C852148299000B7E380 /* HR-EasyTests */ = {
			isa = PBXGroup;
			children = (
				ED150C862148299000B7E380 /* HR_EasyTests.swift */,
				ED150C882148299000B7E380 /* Info.plist */,
			);
			path = "HR-EasyTests";
			sourceTree = "<group>";
		};
		ED150C902148299000B7E380 /* HR-EasyUITests */ = {
			isa = PBXGroup;
			children = (
				ED150C912148299000B7E380 /* HR_EasyUITests.swift */,
				ED150C932148299000B7E380 /* Info.plist */,
			);
			path = "HR-EasyUITests";
			sourceTree = "<group>";
		};
		ED150C9F2148C4CA00B7E380 /* Model */ = {
			isa = PBXGroup;
			children = (
				ED6ACA02219284A4002773DD /* LineChart.swift */,
				EDCC17BB216BE5140058E9B3 /* GoogleService-Info.plist */,
				ED6D9CE12148C51200F8405B /* User.swift */,
				ED46686D21B4EDC3002AC117 /* Network - Benefits */,
				EDCC17F3216F00500058E9B3 /* UserModel.swift */,
				EDCC17F7216F08020058E9B3 /* ServedData.swift */,
				EDCC72A9215D5DC900513D8F /* ProfileImageView.swift */,
				EDCC72AB215D5E8000513D8F /* SampleUserbase.swift */,
				EDCC72A7215AF7D600513D8F /* Employee.swift */,
				EDCC72A5215AF68900513D8F /* Person.swift */,
				EDCC7281215AF38000513D8F /* EmployeeTableViewCell.swift */,
				EDCC72B72164191F00513D8F /* UIColorExtensions.swift */,
				EDCC727F215ABBFB00513D8F /* ReusableComponents.swift */,
				EDCB3CB42165702F009BC056 /* AddUserController.swift */,
				ED6C36A321AE4AFD009E2B32 /* BenefitsTableViewCell.swift */,
			);
			path = Model;
			sourceTree = "<group>";
		};
		ED46686D21B4EDC3002AC117 /* Network - Benefits */ = {
			isa = PBXGroup;
			children = (
				ED46686E21B4EEE9002AC117 /* BHBenefits.swift */,
				ED46687021B4F02A002AC117 /* FetchData.swift */,
			);
			path = "Network - Benefits";
			sourceTree = "<group>";
		};
		ED8C436B2149AC080011345D /* Controllers */ = {
			isa = PBXGroup;
			children = (
				ED8C436C2149AC270011345D /* DashboardControllerViewController.swift */,
				EDCC72A3215AF62F00513D8F /* EmployeeTableViewController.swift */,
				EDCC72B3215D7BE500513D8F /* EmployeeDetailViewController.swift */,
				EDCC17BE216C0D750058E9B3 /* AddUserTableViewController.swift */,
				ED6ACA0421928588002773DD /* ReportViewController.swift */,
				EDCC17C0216D75DB0058E9B3 /* DetailData.swift */,
			);
			path = Controllers;
			sourceTree = "<group>";
		};
		ED8C436E2149AFAD0011345D /* Helpers */ = {
			isa = PBXGroup;
			children = (
				ED8C436F2149AFC50011345D /* Helpers.swift */,
				EDFBC6F021C06AE80043F397 /* SweetAlert.swift */,
			);
			path = Helpers;
			sourceTree = "<group>";
		};
		EDCC727C2159F02700513D8F /* User */ = {
			isa = PBXGroup;
			children = (
				EDCC727D2159F03400513D8F /* user.jpg */,
				EDCC72AE215D639F00513D8F /* alx.jpg */,
				EDCC72B1215D66CF00513D8F /* amd.jpg */,
				EDFBC6F221C0784E0043F397 /* self.jpg */,
				EDFBC6E821B9F40E0043F397 /* profilePlace.png */,
				EDCC17F5216F03D20058E9B3 /* nef.jpg */,
				EDFBC6E421B9F2E00043F397 /* placeholder.jpg */,
				EDCC72AD215D639F00513D8F /* rnt.jpg */,
			);
			path = User;
			sourceTree = "<group>";
		};
		EDE29A86215986B400BBA61E /* Views */ = {
			isa = PBXGroup;
			children = (
				EDE29A87215986CD00BBA61E /* TopNavigationController.swift */,
			);
			path = Views;
			sourceTree = "<group>";
		};
/* End PBXGroup section */

/* Begin PBXNativeTarget section */
		ED150C6A2148298C00B7E380 /* HR-Easy */ = {
			isa = PBXNativeTarget;
			buildConfigurationList = ED150C962148299000B7E380 /* Build configuration list for PBXNativeTarget "HR-Easy" */;
			buildPhases = (
				9D42D3B4A2888FC465D4AE7A /* [CP] Check Pods Manifest.lock */,
				ED150C672148298C00B7E380 /* Sources */,
				ED150C682148298C00B7E380 /* Frameworks */,
				ED150C692148298C00B7E380 /* Resources */,
				94B4277D9DC1E8BA21EBA4C7 /* [CP] Embed Pods Frameworks */,
			);
			buildRules = (
			);
			dependencies = (
			);
			name = "HR-Easy";
			productName = "HR-Easy";
			productReference = ED150C6B2148298C00B7E380 /* HR-Easy.app */;
			productType = "com.apple.product-type.application";
		};
		ED150C812148299000B7E380 /* HR-EasyTests */ = {
			isa = PBXNativeTarget;
			buildConfigurationList = ED150C992148299000B7E380 /* Build configuration list for PBXNativeTarget "HR-EasyTests" */;
			buildPhases = (
				0F9461C6BADE465CDAD0CFC3 /* [CP] Check Pods Manifest.lock */,
				ED150C7E2148299000B7E380 /* Sources */,
				ED150C7F2148299000B7E380 /* Frameworks */,
				ED150C802148299000B7E380 /* Resources */,
			);
			buildRules = (
			);
			dependencies = (
				ED150C842148299000B7E380 /* PBXTargetDependency */,
			);
			name = "HR-EasyTests";
			productName = "HR-EasyTests";
			productReference = ED150C822148299000B7E380 /* HR-EasyTests.xctest */;
			productType = "com.apple.product-type.bundle.unit-test";
		};
		ED150C8C2148299000B7E380 /* HR-EasyUITests */ = {
			isa = PBXNativeTarget;
			buildConfigurationList = ED150C9C2148299000B7E380 /* Build configuration list for PBXNativeTarget "HR-EasyUITests" */;
			buildPhases = (
				CC8E444F74AA15AE1AB06CA7 /* [CP] Check Pods Manifest.lock */,
				ED150C892148299000B7E380 /* Sources */,
				ED150C8A2148299000B7E380 /* Frameworks */,
				ED150C8B2148299000B7E380 /* Resources */,
			);
			buildRules = (
			);
			dependencies = (
				ED150C8F2148299000B7E380 /* PBXTargetDependency */,
			);
			name = "HR-EasyUITests";
			productName = "HR-EasyUITests";
			productReference = ED150C8D2148299000B7E380 /* HR-EasyUITests.xctest */;
			productType = "com.apple.product-type.bundle.ui-testing";
		};
/* End PBXNativeTarget section */

/* Begin PBXProject section */
		ED150C632148298C00B7E380 /* Project object */ = {
			isa = PBXProject;
			attributes = {
				LastSwiftUpdateCheck = 0940;
				LastUpgradeCheck = 0940;
				ORGANIZATIONNAME = "Neftali Samarey";
				TargetAttributes = {
					ED150C6A2148298C00B7E380 = {
						CreatedOnToolsVersion = 9.4.1;
						SystemCapabilities = {
							com.apple.Keychain = {
								enabled = 1;
							};
						};
					};
					ED150C812148299000B7E380 = {
						CreatedOnToolsVersion = 9.4.1;
						TestTargetID = ED150C6A2148298C00B7E380;
					};
					ED150C8C2148299000B7E380 = {
						CreatedOnToolsVersion = 9.4.1;
						TestTargetID = ED150C6A2148298C00B7E380;
					};
				};
			};
			buildConfigurationList = ED150C662148298C00B7E380 /* Build configuration list for PBXProject "HR-Easy" */;
			compatibilityVersion = "Xcode 9.3";
			developmentRegion = en;
			hasScannedForEncodings = 0;
			knownRegions = (
				en,
				Base,
			);
			mainGroup = ED150C622148298C00B7E380;
			productRefGroup = ED150C6C2148298C00B7E380 /* Products */;
			projectDirPath = "";
			projectRoot = "";
			targets = (
				ED150C6A2148298C00B7E380 /* HR-Easy */,
				ED150C812148299000B7E380 /* HR-EasyTests */,
				ED150C8C2148299000B7E380 /* HR-EasyUITests */,
			);
		};
/* End PBXProject section */

/* Begin PBXResourcesBuildPhase section */
		ED150C692148298C00B7E380 /* Resources */ = {
			isa = PBXResourcesBuildPhase;
			buildActionMask = 2147483647;
			files = (
				ED150C7C2148298F00B7E380 /* LaunchScreen.storyboard in Resources */,
				EDFBC6E921B9F40E0043F397 /* profilePlace.png in Resources */,
				ED150C792148298F00B7E380 /* Assets.xcassets in Resources */,
				EDCC727E2159F03400513D8F /* user.jpg in Resources */,
				EDFBC6F321C0784F0043F397 /* self.jpg in Resources */,
				EDCC72B0215D639F00513D8F /* alx.jpg in Resources */,
				EDCC72B2215D66CF00513D8F /* amd.jpg in Resources */,
				EDCC17BC216BE5150058E9B3 /* GoogleService-Info.plist in Resources */,
				ED150C742148298C00B7E380 /* Main.storyboard in Resources */,
				EDCC17F6216F03D20058E9B3 /* nef.jpg in Resources */,
				EDFBC6F521C0D23C0043F397 /* README.md in Resources */,
				EDCC72B62164018600513D8F /* enterprise.jpg in Resources */,
				EDFBC6E521B9F2E00043F397 /* placeholder.jpg in Resources */,
				EDCC72AF215D639F00513D8F /* rnt.jpg in Resources */,
			);
			runOnlyForDeploymentPostprocessing = 0;
		};
		ED150C802148299000B7E380 /* Resources */ = {
			isa = PBXResourcesBuildPhase;
			buildActionMask = 2147483647;
			files = (
			);
			runOnlyForDeploymentPostprocessing = 0;
		};
		ED150C8B2148299000B7E380 /* Resources */ = {
			isa = PBXResourcesBuildPhase;
			buildActionMask = 2147483647;
			files = (
			);
			runOnlyForDeploymentPostprocessing = 0;
		};
/* End PBXResourcesBuildPhase section */

/* Begin PBXShellScriptBuildPhase section */
		0F9461C6BADE465CDAD0CFC3 /* [CP] Check Pods Manifest.lock */ = {
			isa = PBXShellScriptBuildPhase;
			buildActionMask = 2147483647;
			files = (
			);
			inputFileListPaths = (
			);
			inputPaths = (
				"${PODS_PODFILE_DIR_PATH}/Podfile.lock",
				"${PODS_ROOT}/Manifest.lock",
			);
			name = "[CP] Check Pods Manifest.lock";
			outputFileListPaths = (
			);
			outputPaths = (
				"$(DERIVED_FILE_DIR)/Pods-HR-EasyTests-checkManifestLockResult.txt",
			);
			runOnlyForDeploymentPostprocessing = 0;
			shellPath = /bin/sh;
			shellScript = "diff \"${PODS_PODFILE_DIR_PATH}/Podfile.lock\" \"${PODS_ROOT}/Manifest.lock\" > /dev/null\nif [ $? != 0 ] ; then\n    # print error to STDERR\n    echo \"error: The sandbox is not in sync with the Podfile.lock. Run 'pod install' or update your CocoaPods installation.\" >&2\n    exit 1\nfi\n# This output is used by Xcode 'outputs' to avoid re-running this script phase.\necho \"SUCCESS\" > \"${SCRIPT_OUTPUT_FILE_0}\"\n";
			showEnvVarsInLog = 0;
		};
		94B4277D9DC1E8BA21EBA4C7 /* [CP] Embed Pods Frameworks */ = {
			isa = PBXShellScriptBuildPhase;
			buildActionMask = 2147483647;
			files = (
			);
			inputFileListPaths = (
			);
			inputPaths = (
				"${SRCROOT}/Pods/Target Support Files/Pods-HR-Easy/Pods-HR-Easy-frameworks.sh",
				"${BUILT_PRODUCTS_DIR}/GTMSessionFetcher/GTMSessionFetcher.framework",
				"${BUILT_PRODUCTS_DIR}/GoogleToolboxForMac/GoogleToolboxForMac.framework",
				"${BUILT_PRODUCTS_DIR}/leveldb-library/leveldb.framework",
				"${BUILT_PRODUCTS_DIR}/nanopb/nanopb.framework",
			);
			name = "[CP] Embed Pods Frameworks";
			outputFileListPaths = (
			);
			outputPaths = (
				"${TARGET_BUILD_DIR}/${FRAMEWORKS_FOLDER_PATH}/GTMSessionFetcher.framework",
				"${TARGET_BUILD_DIR}/${FRAMEWORKS_FOLDER_PATH}/GoogleToolboxForMac.framework",
				"${TARGET_BUILD_DIR}/${FRAMEWORKS_FOLDER_PATH}/leveldb.framework",
				"${TARGET_BUILD_DIR}/${FRAMEWORKS_FOLDER_PATH}/nanopb.framework",
			);
			runOnlyForDeploymentPostprocessing = 0;
			shellPath = /bin/sh;
			shellScript = "\"${SRCROOT}/Pods/Target Support Files/Pods-HR-Easy/Pods-HR-Easy-frameworks.sh\"\n";
			showEnvVarsInLog = 0;
		};
		9D42D3B4A2888FC465D4AE7A /* [CP] Check Pods Manifest.lock */ = {
			isa = PBXShellScriptBuildPhase;
			buildActionMask = 2147483647;
			files = (
			);
			inputFileListPaths = (
			);
			inputPaths = (
				"${PODS_PODFILE_DIR_PATH}/Podfile.lock",
				"${PODS_ROOT}/Manifest.lock",
			);
			name = "[CP] Check Pods Manifest.lock";
			outputFileListPaths = (
			);
			outputPaths = (
				"$(DERIVED_FILE_DIR)/Pods-HR-Easy-checkManifestLockResult.txt",
			);
			runOnlyForDeploymentPostprocessing = 0;
			shellPath = /bin/sh;
			shellScript = "diff \"${PODS_PODFILE_DIR_PATH}/Podfile.lock\" \"${PODS_ROOT}/Manifest.lock\" > /dev/null\nif [ $? != 0 ] ; then\n    # print error to STDERR\n    echo \"error: The sandbox is not in sync with the Podfile.lock. Run 'pod install' or update your CocoaPods installation.\" >&2\n    exit 1\nfi\n# This output is used by Xcode 'outputs' to avoid re-running this script phase.\necho \"SUCCESS\" > \"${SCRIPT_OUTPUT_FILE_0}\"\n";
			showEnvVarsInLog = 0;
		};
		CC8E444F74AA15AE1AB06CA7 /* [CP] Check Pods Manifest.lock */ = {
			isa = PBXShellScriptBuildPhase;
			buildActionMask = 2147483647;
			files = (
			);
			inputFileListPaths = (
			);
			inputPaths = (
				"${PODS_PODFILE_DIR_PATH}/Podfile.lock",
				"${PODS_ROOT}/Manifest.lock",
			);
			name = "[CP] Check Pods Manifest.lock";
			outputFileListPaths = (
			);
			outputPaths = (
				"$(DERIVED_FILE_DIR)/Pods-HR-EasyUITests-checkManifestLockResult.txt",
			);
			runOnlyForDeploymentPostprocessing = 0;
			shellPath = /bin/sh;
			shellScript = "diff \"${PODS_PODFILE_DIR_PATH}/Podfile.lock\" \"${PODS_ROOT}/Manifest.lock\" > /dev/null\nif [ $? != 0 ] ; then\n    # print error to STDERR\n    echo \"error: The sandbox is not in sync with the Podfile.lock. Run 'pod install' or update your CocoaPods installation.\" >&2\n    exit 1\nfi\n# This output is used by Xcode 'outputs' to avoid re-running this script phase.\necho \"SUCCESS\" > \"${SCRIPT_OUTPUT_FILE_0}\"\n";
			showEnvVarsInLog = 0;
		};
/* End PBXShellScriptBuildPhase section */

/* Begin PBXSourcesBuildPhase section */
		ED150C672148298C00B7E380 /* Sources */ = {
			isa = PBXSourcesBuildPhase;
			buildActionMask = 2147483647;
			files = (
				ED6D9CE22148C51200F8405B /* User.swift in Sources */,
				ED6C36A421AE4AFD009E2B32 /* BenefitsTableViewCell.swift in Sources */,
				ED8C43702149AFC50011345D /* Helpers.swift in Sources */,
				ED150C712148298C00B7E380 /* ViewController.swift in Sources */,
				EDCC7282215AF38000513D8F /* EmployeeTableViewCell.swift in Sources */,
				ED6ACA03219284A4002773DD /* LineChart.swift in Sources */,
				EDE29A88215986CD00BBA61E /* TopNavigationController.swift in Sources */,
				ED150C6F2148298C00B7E380 /* AppDelegate.swift in Sources */,
				EDCC17F4216F00500058E9B3 /* UserModel.swift in Sources */,
				ED46686F21B4EEE9002AC117 /* BHBenefits.swift in Sources */,
				ED46687121B4F02A002AC117 /* FetchData.swift in Sources */,
				EDCC72A6215AF68900513D8F /* Person.swift in Sources */,
				EDCC72B82164191F00513D8F /* UIColorExtensions.swift in Sources */,
				EDCC72AA215D5DC900513D8F /* ProfileImageView.swift in Sources */,
				EDCB3CB52165702F009BC056 /* AddUserController.swift in Sources */,
				ED6ACA0521928588002773DD /* ReportViewController.swift in Sources */,
				ED150C772148298C00B7E380 /* HR_Easy.xcdatamodeld in Sources */,
				EDCC17C1216D75DB0058E9B3 /* DetailData.swift in Sources */,
				EDCC72A8215AF7D600513D8F /* Employee.swift in Sources */,
				EDCC72B4215D7BE500513D8F /* EmployeeDetailViewController.swift in Sources */,
				EDFBC6F121C06AE80043F397 /* SweetAlert.swift in Sources */,
				EDCC72A4215AF62F00513D8F /* EmployeeTableViewController.swift in Sources */,
				EDCC7280215ABBFB00513D8F /* ReusableComponents.swift in Sources */,
				EDCC17F8216F08020058E9B3 /* ServedData.swift in Sources */,
				EDCC72AC215D5E8000513D8F /* SampleUserbase.swift in Sources */,
				EDCC17BF216C0D750058E9B3 /* AddUserTableViewController.swift in Sources */,
				ED8C436D2149AC270011345D /* DashboardControllerViewController.swift in Sources */,
			);
			runOnlyForDeploymentPostprocessing = 0;
		};
		ED150C7E2148299000B7E380 /* Sources */ = {
			isa = PBXSourcesBuildPhase;
			buildActionMask = 2147483647;
			files = (
				ED150C872148299000B7E380 /* HR_EasyTests.swift in Sources */,
			);
			runOnlyForDeploymentPostprocessing = 0;
		};
		ED150C892148299000B7E380 /* Sources */ = {
			isa = PBXSourcesBuildPhase;
			buildActionMask = 2147483647;
			files = (
				ED150C922148299000B7E380 /* HR_EasyUITests.swift in Sources */,
			);
			runOnlyForDeploymentPostprocessing = 0;
		};
/* End PBXSourcesBuildPhase section */

/* Begin PBXTargetDependency section */
		ED150C842148299000B7E380 /* PBXTargetDependency */ = {
			isa = PBXTargetDependency;
			target = ED150C6A2148298C00B7E380 /* HR-Easy */;
			targetProxy = ED150C832148299000B7E380 /* PBXContainerItemProxy */;
		};
		ED150C8F2148299000B7E380 /* PBXTargetDependency */ = {
			isa = PBXTargetDependency;
			target = ED150C6A2148298C00B7E380 /* HR-Easy */;
			targetProxy = ED150C8E2148299000B7E380 /* PBXContainerItemProxy */;
		};
/* End PBXTargetDependency section */

/* Begin PBXVariantGroup section */
		ED150C722148298C00B7E380 /* Main.storyboard */ = {
			isa = PBXVariantGroup;
			children = (
				ED150C732148298C00B7E380 /* Base */,
			);
			name = Main.storyboard;
			sourceTree = "<group>";
		};
		ED150C7A2148298F00B7E380 /* LaunchScreen.storyboard */ = {
			isa = PBXVariantGroup;
			children = (
				ED150C7B2148298F00B7E380 /* Base */,
			);
			name = LaunchScreen.storyboard;
			sourceTree = "<group>";
		};
/* End PBXVariantGroup section */

/* Begin XCBuildConfiguration section */
		ED150C942148299000B7E380 /* Debug */ = {
			isa = XCBuildConfiguration;
			buildSettings = {
				ALWAYS_SEARCH_USER_PATHS = NO;
				CLANG_ANALYZER_NONNULL = YES;
				CLANG_ANALYZER_NUMBER_OBJECT_CONVERSION = YES_AGGRESSIVE;
				CLANG_CXX_LANGUAGE_STANDARD = "gnu++14";
				CLANG_CXX_LIBRARY = "libc++";
				CLANG_ENABLE_MODULES = YES;
				CLANG_ENABLE_OBJC_ARC = YES;
				CLANG_ENABLE_OBJC_WEAK = YES;
				CLANG_WARN_BLOCK_CAPTURE_AUTORELEASING = YES;
				CLANG_WARN_BOOL_CONVERSION = YES;
				CLANG_WARN_COMMA = YES;
				CLANG_WARN_CONSTANT_CONVERSION = YES;
				CLANG_WARN_DEPRECATED_OBJC_IMPLEMENTATIONS = YES;
				CLANG_WARN_DIRECT_OBJC_ISA_USAGE = YES_ERROR;
				CLANG_WARN_DOCUMENTATION_COMMENTS = YES;
				CLANG_WARN_EMPTY_BODY = YES;
				CLANG_WARN_ENUM_CONVERSION = YES;
				CLANG_WARN_INFINITE_RECURSION = YES;
				CLANG_WARN_INT_CONVERSION = YES;
				CLANG_WARN_NON_LITERAL_NULL_CONVERSION = YES;
				CLANG_WARN_OBJC_IMPLICIT_RETAIN_SELF = YES;
				CLANG_WARN_OBJC_LITERAL_CONVERSION = YES;
				CLANG_WARN_OBJC_ROOT_CLASS = YES_ERROR;
				CLANG_WARN_RANGE_LOOP_ANALYSIS = YES;
				CLANG_WARN_STRICT_PROTOTYPES = YES;
				CLANG_WARN_SUSPICIOUS_MOVE = YES;
				CLANG_WARN_UNGUARDED_AVAILABILITY = YES_AGGRESSIVE;
				CLANG_WARN_UNREACHABLE_CODE = YES;
				CLANG_WARN__DUPLICATE_METHOD_MATCH = YES;
				CODE_SIGN_IDENTITY = "iPhone Developer";
				COPY_PHASE_STRIP = NO;
				DEBUG_INFORMATION_FORMAT = dwarf;
				ENABLE_STRICT_OBJC_MSGSEND = YES;
				ENABLE_TESTABILITY = YES;
				GCC_C_LANGUAGE_STANDARD = gnu11;
				GCC_DYNAMIC_NO_PIC = NO;
				GCC_NO_COMMON_BLOCKS = YES;
				GCC_OPTIMIZATION_LEVEL = 0;
				GCC_PREPROCESSOR_DEFINITIONS = (
					"DEBUG=1",
					"$(inherited)",
				);
				GCC_WARN_64_TO_32_BIT_CONVERSION = YES;
				GCC_WARN_ABOUT_RETURN_TYPE = YES_ERROR;
				GCC_WARN_UNDECLARED_SELECTOR = YES;
				GCC_WARN_UNINITIALIZED_AUTOS = YES_AGGRESSIVE;
				GCC_WARN_UNUSED_FUNCTION = YES;
				GCC_WARN_UNUSED_VARIABLE = YES;
				IPHONEOS_DEPLOYMENT_TARGET = 11.4;
				MTL_ENABLE_DEBUG_INFO = YES;
				ONLY_ACTIVE_ARCH = YES;
				SDKROOT = iphoneos;
				SWIFT_ACTIVE_COMPILATION_CONDITIONS = DEBUG;
				SWIFT_OPTIMIZATION_LEVEL = "-Onone";
			};
			name = Debug;
		};
		ED150C952148299000B7E380 /* Release */ = {
			isa = XCBuildConfiguration;
			buildSettings = {
				ALWAYS_SEARCH_USER_PATHS = NO;
				CLANG_ANALYZER_NONNULL = YES;
				CLANG_ANALYZER_NUMBER_OBJECT_CONVERSION = YES_AGGRESSIVE;
				CLANG_CXX_LANGUAGE_STANDARD = "gnu++14";
				CLANG_CXX_LIBRARY = "libc++";
				CLANG_ENABLE_MODULES = YES;
				CLANG_ENABLE_OBJC_ARC = YES;
				CLANG_ENABLE_OBJC_WEAK = YES;
				CLANG_WARN_BLOCK_CAPTURE_AUTORELEASING = YES;
				CLANG_WARN_BOOL_CONVERSION = YES;
				CLANG_WARN_COMMA = YES;
				CLANG_WARN_CONSTANT_CONVERSION = YES;
				CLANG_WARN_DEPRECATED_OBJC_IMPLEMENTATIONS = YES;
				CLANG_WARN_DIRECT_OBJC_ISA_USAGE = YES_ERROR;
				CLANG_WARN_DOCUMENTATION_COMMENTS = YES;
				CLANG_WARN_EMPTY_BODY = YES;
				CLANG_WARN_ENUM_CONVERSION = YES;
				CLANG_WARN_INFINITE_RECURSION = YES;
				CLANG_WARN_INT_CONVERSION = YES;
				CLANG_WARN_NON_LITERAL_NULL_CONVERSION = YES;
				CLANG_WARN_OBJC_IMPLICIT_RETAIN_SELF = YES;
				CLANG_WARN_OBJC_LITERAL_CONVERSION = YES;
				CLANG_WARN_OBJC_ROOT_CLASS = YES_ERROR;
				CLANG_WARN_RANGE_LOOP_ANALYSIS = YES;
				CLANG_WARN_STRICT_PROTOTYPES = YES;
				CLANG_WARN_SUSPICIOUS_MOVE = YES;
				CLANG_WARN_UNGUARDED_AVAILABILITY = YES_AGGRESSIVE;
				CLANG_WARN_UNREACHABLE_CODE = YES;
				CLANG_WARN__DUPLICATE_METHOD_MATCH = YES;
				CODE_SIGN_IDENTITY = "iPhone Developer";
				COPY_PHASE_STRIP = NO;
				DEBUG_INFORMATION_FORMAT = "dwarf-with-dsym";
				ENABLE_NS_ASSERTIONS = NO;
				ENABLE_STRICT_OBJC_MSGSEND = YES;
				GCC_C_LANGUAGE_STANDARD = gnu11;
				GCC_NO_COMMON_BLOCKS = YES;
				GCC_WARN_64_TO_32_BIT_CONVERSION = YES;
				GCC_WARN_ABOUT_RETURN_TYPE = YES_ERROR;
				GCC_WARN_UNDECLARED_SELECTOR = YES;
				GCC_WARN_UNINITIALIZED_AUTOS = YES_AGGRESSIVE;
				GCC_WARN_UNUSED_FUNCTION = YES;
				GCC_WARN_UNUSED_VARIABLE = YES;
				IPHONEOS_DEPLOYMENT_TARGET = 11.4;
				MTL_ENABLE_DEBUG_INFO = NO;
				SDKROOT = iphoneos;
				SWIFT_COMPILATION_MODE = wholemodule;
				SWIFT_OPTIMIZATION_LEVEL = "-O";
				VALIDATE_PRODUCT = YES;
			};
			name = Release;
		};
		ED150C972148299000B7E380 /* Debug */ = {
			isa = XCBuildConfiguration;
			baseConfigurationReference = D6DD036271AD20DCCC547C4B /* Pods-HR-Easy.debug.xcconfig */;
			buildSettings = {
				ASSETCATALOG_COMPILER_APPICON_NAME = AppIcon;
				CODE_SIGN_ENTITLEMENTS = "HR-Easy/HR-Easy.entitlements";
				CODE_SIGN_STYLE = Automatic;
				DEVELOPMENT_TEAM = X752JDEFHP;
				INFOPLIST_FILE = "HR-Easy/Info.plist";
				LD_RUNPATH_SEARCH_PATHS = (
					"$(inherited)",
					"@executable_path/Frameworks",
				);
				PRODUCT_BUNDLE_IDENTIFIER = "ReactorApps.HR-Easy";
				PRODUCT_NAME = "$(TARGET_NAME)";
				SWIFT_VERSION = 4.0;
				TARGETED_DEVICE_FAMILY = "1,2";
			};
			name = Debug;
		};
		ED150C982148299000B7E380 /* Release */ = {
			isa = XCBuildConfiguration;
			baseConfigurationReference = F16ED4F9035FB302572AC8BF /* Pods-HR-Easy.release.xcconfig */;
			buildSettings = {
				ASSETCATALOG_COMPILER_APPICON_NAME = AppIcon;
				CODE_SIGN_ENTITLEMENTS = "HR-Easy/HR-Easy.entitlements";
				CODE_SIGN_STYLE = Automatic;
				DEVELOPMENT_TEAM = X752JDEFHP;
				INFOPLIST_FILE = "HR-Easy/Info.plist";
				LD_RUNPATH_SEARCH_PATHS = (
					"$(inherited)",
					"@executable_path/Frameworks",
				);
				PRODUCT_BUNDLE_IDENTIFIER = "ReactorApps.HR-Easy";
				PRODUCT_NAME = "$(TARGET_NAME)";
				SWIFT_VERSION = 4.0;
				TARGETED_DEVICE_FAMILY = "1,2";
			};
			name = Release;
		};
		ED150C9A2148299000B7E380 /* Debug */ = {
			isa = XCBuildConfiguration;
			baseConfigurationReference = 25B261938B5506087B3DACEB /* Pods-HR-EasyTests.debug.xcconfig */;
			buildSettings = {
				ALWAYS_EMBED_SWIFT_STANDARD_LIBRARIES = YES;
				BUNDLE_LOADER = "$(TEST_HOST)";
				CODE_SIGN_STYLE = Automatic;
				DEVELOPMENT_TEAM = X752JDEFHP;
				INFOPLIST_FILE = "HR-EasyTests/Info.plist";
				LD_RUNPATH_SEARCH_PATHS = (
					"$(inherited)",
					"@executable_path/Frameworks",
					"@loader_path/Frameworks",
				);
				PRODUCT_BUNDLE_IDENTIFIER = "ReactorApps.HR-EasyTests";
				PRODUCT_NAME = "$(TARGET_NAME)";
				SWIFT_VERSION = 4.0;
				TARGETED_DEVICE_FAMILY = "1,2";
				TEST_HOST = "$(BUILT_PRODUCTS_DIR)/HR-Easy.app/HR-Easy";
			};
			name = Debug;
		};
		ED150C9B2148299000B7E380 /* Release */ = {
			isa = XCBuildConfiguration;
			baseConfigurationReference = 28F21FECCFC453D5079CE1EC /* Pods-HR-EasyTests.release.xcconfig */;
			buildSettings = {
				ALWAYS_EMBED_SWIFT_STANDARD_LIBRARIES = YES;
				BUNDLE_LOADER = "$(TEST_HOST)";
				CODE_SIGN_STYLE = Automatic;
				DEVELOPMENT_TEAM = X752JDEFHP;
				INFOPLIST_FILE = "HR-EasyTests/Info.plist";
				LD_RUNPATH_SEARCH_PATHS = (
					"$(inherited)",
					"@executable_path/Frameworks",
					"@loader_path/Frameworks",
				);
				PRODUCT_BUNDLE_IDENTIFIER = "ReactorApps.HR-EasyTests";
				PRODUCT_NAME = "$(TARGET_NAME)";
				SWIFT_VERSION = 4.0;
				TARGETED_DEVICE_FAMILY = "1,2";
				TEST_HOST = "$(BUILT_PRODUCTS_DIR)/HR-Easy.app/HR-Easy";
			};
			name = Release;
		};
		ED150C9D2148299000B7E380 /* Debug */ = {
			isa = XCBuildConfiguration;
			baseConfigurationReference = 4EC1FB3C0A3ABA6055F6BF50 /* Pods-HR-EasyUITests.debug.xcconfig */;
			buildSettings = {
				ALWAYS_EMBED_SWIFT_STANDARD_LIBRARIES = YES;
				CODE_SIGN_STYLE = Automatic;
				DEVELOPMENT_TEAM = X752JDEFHP;
				INFOPLIST_FILE = "HR-EasyUITests/Info.plist";
				LD_RUNPATH_SEARCH_PATHS = (
					"$(inherited)",
					"@executable_path/Frameworks",
					"@loader_path/Frameworks",
				);
				PRODUCT_BUNDLE_IDENTIFIER = "ReactorApps.HR-EasyUITests";
				PRODUCT_NAME = "$(TARGET_NAME)";
				SWIFT_VERSION = 4.0;
				TARGETED_DEVICE_FAMILY = "1,2";
				TEST_TARGET_NAME = "HR-Easy";
			};
			name = Debug;
		};
		ED150C9E2148299000B7E380 /* Release */ = {
			isa = XCBuildConfiguration;
			baseConfigurationReference = 4B640220BB3E80C6B5E9270B /* Pods-HR-EasyUITests.release.xcconfig */;
			buildSettings = {
				ALWAYS_EMBED_SWIFT_STANDARD_LIBRARIES = YES;
				CODE_SIGN_STYLE = Automatic;
				DEVELOPMENT_TEAM = X752JDEFHP;
				INFOPLIST_FILE = "HR-EasyUITests/Info.plist";
				LD_RUNPATH_SEARCH_PATHS = (
					"$(inherited)",
					"@executable_path/Frameworks",
					"@loader_path/Frameworks",
				);
				PRODUCT_BUNDLE_IDENTIFIER = "ReactorApps.HR-EasyUITests";
				PRODUCT_NAME = "$(TARGET_NAME)";
				SWIFT_VERSION = 4.0;
				TARGETED_DEVICE_FAMILY = "1,2";
				TEST_TARGET_NAME = "HR-Easy";
			};
			name = Release;
		};
/* End XCBuildConfiguration section */

/* Begin XCConfigurationList section */
		ED150C662148298C00B7E380 /* Build configuration list for PBXProject "HR-Easy" */ = {
			isa = XCConfigurationList;
			buildConfigurations = (
				ED150C942148299000B7E380 /* Debug */,
				ED150C952148299000B7E380 /* Release */,
			);
			defaultConfigurationIsVisible = 0;
			defaultConfigurationName = Release;
		};
		ED150C962148299000B7E380 /* Build configuration list for PBXNativeTarget "HR-Easy" */ = {
			isa = XCConfigurationList;
			buildConfigurations = (
				ED150C972148299000B7E380 /* Debug */,
				ED150C982148299000B7E380 /* Release */,
			);
			defaultConfigurationIsVisible = 0;
			defaultConfigurationName = Release;
		};
		ED150C992148299000B7E380 /* Build configuration list for PBXNativeTarget "HR-EasyTests" */ = {
			isa = XCConfigurationList;
			buildConfigurations = (
				ED150C9A2148299000B7E380 /* Debug */,
				ED150C9B2148299000B7E380 /* Release */,
			);
			defaultConfigurationIsVisible = 0;
			defaultConfigurationName = Release;
		};
		ED150C9C2148299000B7E380 /* Build configuration list for PBXNativeTarget "HR-EasyUITests" */ = {
			isa = XCConfigurationList;
			buildConfigurations = (
				ED150C9D2148299000B7E380 /* Debug */,
				ED150C9E2148299000B7E380 /* Release */,
			);
			defaultConfigurationIsVisible = 0;
			defaultConfigurationName = Release;
		};
/* End XCConfigurationList section */

/* Begin XCVersionGroup section */
		ED150C752148298C00B7E380 /* HR_Easy.xcdatamodeld */ = {
			isa = XCVersionGroup;
			children = (
				ED150C762148298C00B7E380 /* HR_Easy.xcdatamodel */,
			);
			currentVersion = ED150C762148298C00B7E380 /* HR_Easy.xcdatamodel */;
			path = HR_Easy.xcdatamodeld;
			sourceTree = "<group>";
			versionGroupType = wrapper.xcdatamodel;
		};
/* End XCVersionGroup section */
	};
	rootObject = ED150C632148298C00B7E380 /* Project object */;
}
